
Microsoft Visual Studio Solution File, Format Version 12.00
# Visual Studio Version 16
VisualStudioVersion = 16.0.28721.148
MinimumVisualStudioVersion = 10.0.40219.1
Project("{9A19103F-16F7-4668-BE54-9A1E7A4F7556}") = "CF.Web", "CF.Web\CF.Web.csproj", "{38DEEE44-B307-4265-8BE8-A2D0E9E43DD9}"
EndProject
Project("{9A19103F-16F7-4668-BE54-9A1E7A4F7556}") = "CF.Application", "CF.Application\CF.Application.csproj", "{86B22340-DDAE-4827-919E-87A91C3447A4}"
EndProject
Project("{9A19103F-16F7-4668-BE54-9A1E7A4F7556}") = "CF.Infrastructure", "CF.Infrastructure\CF.Infrastructure.csproj", "{668069D7-EBC9-4423-B2D2-DE40D8AF4ED2}"
EndProject
Project("{9A19103F-16F7-4668-BE54-9A1E7A4F7556}") = "CF.Domain", "CF.Domain\CF.Domain.csproj", "{A43E06A5-D6BC-453D-AC30-A7F73DA992A4}"
EndProject
Project("{9A19103F-16F7-4668-BE54-9A1E7A4F7556}") = "CF.Common", "CF.Common\CF.Common.csproj", "{4A7CD4A5-ED68-4A3E-9FF9-7443B7E268EE}"
EndProject
Project("{9A19103F-16F7-4668-BE54-9A1E7A4F7556}") = "CF.WebBootstrap", "CF.WebBootstrap\CF.WebBootstrap.csproj", "{454CBF9A-7BAF-4423-A5E9-5CB94C77DF07}"
EndProject
Project("{FAE04EC0-301F-11D3-BF4B-00C04F79EFBC}") = "CF.Domain.Test", "..\test\CF.Domain.Test\CF.Domain.Test.csproj", "{6FB3CC1A-AF23-4764-B9C6-708095892A38}"
EndProject
Global
	GlobalSection(SolutionConfigurationPlatforms) = preSolution
		Debug|Any CPU = Debug|Any CPU
		Release|Any CPU = Release|Any CPU
	EndGlobalSection
	GlobalSection(ProjectConfigurationPlatforms) = postSolution
		{38DEEE44-B307-4265-8BE8-A2D0E9E43DD9}.Debug|Any CPU.ActiveCfg = Debug|Any CPU
		{38DEEE44-B307-4265-8BE8-A2D0E9E43DD9}.Debug|Any CPU.Build.0 = Debug|Any CPU
		{38DEEE44-B307-4265-8BE8-A2D0E9E43DD9}.Release|Any CPU.ActiveCfg = Release|Any CPU
		{38DEEE44-B307-4265-8BE8-A2D0E9E43DD9}.Release|Any CPU.Build.0 = Release|Any CPU
		{86B22340-DDAE-4827-919E-87A91C3447A4}.Debug|Any CPU.ActiveCfg = Debug|Any CPU
		{86B22340-DDAE-4827-919E-87A91C3447A4}.Debug|Any CPU.Build.0 = Debug|Any CPU
		{86B22340-DDAE-4827-919E-87A91C3447A4}.Release|Any CPU.ActiveCfg = Release|Any CPU
		{86B22340-DDAE-4827-919E-87A91C3447A4}.Release|Any CPU.Build.0 = Release|Any CPU
		{668069D7-EBC9-4423-B2D2-DE40D8AF4ED2}.Debug|Any CPU.ActiveCfg = Debug|Any CPU
		{668069D7-EBC9-4423-B2D2-DE40D8AF4ED2}.Debug|Any CPU.Build.0 = Debug|Any CPU
		{668069D7-EBC9-4423-B2D2-DE40D8AF4ED2}.Release|Any CPU.ActiveCfg = Release|Any CPU
		{668069D7-EBC9-4423-B2D2-DE40D8AF4ED2}.Release|Any CPU.Build.0 = Release|Any CPU
		{A43E06A5-D6BC-453D-AC30-A7F73DA992A4}.Debug|Any CPU.ActiveCfg = Debug|Any CPU
		{A43E06A5-D6BC-453D-AC30-A7F73DA992A4}.Debug|Any CPU.Build.0 = Debug|Any CPU
		{A43E06A5-D6BC-453D-AC30-A7F73DA992A4}.Release|Any CPU.ActiveCfg = Release|Any CPU
		{A43E06A5-D6BC-453D-AC30-A7F73DA992A4}.Release|Any CPU.Build.0 = Release|Any CPU
		{4A7CD4A5-ED68-4A3E-9FF9-7443B7E268EE}.Debug|Any CPU.ActiveCfg = Debug|Any CPU
		{4A7CD4A5-ED68-4A3E-9FF9-7443B7E268EE}.Debug|Any CPU.Build.0 = Debug|Any CPU
		{4A7CD4A5-ED68-4A3E-9FF9-7443B7E268EE}.Release|Any CPU.ActiveCfg = Release|Any CPU
		{4A7CD4A5-ED68-4A3E-9FF9-7443B7E268EE}.Release|Any CPU.Build.0 = Release|Any CPU
		{454CBF9A-7BAF-4423-A5E9-5CB94C77DF07}.Debug|Any CPU.ActiveCfg = Debug|Any CPU
		{454CBF9A-7BAF-4423-A5E9-5CB94C77DF07}.Debug|Any CPU.Build.0 = Debug|Any CPU
		{454CBF9A-7BAF-4423-A5E9-5CB94C77DF07}.Release|Any CPU.ActiveCfg = Release|Any CPU
		{454CBF9A-7BAF-4423-A5E9-5CB94C77DF07}.Release|Any CPU.Build.0 = Release|Any CPU
		{6FB3CC1A-AF23-4764-B9C6-708095892A38}.Debug|Any CPU.ActiveCfg = Debug|Any CPU
		{6FB3CC1A-AF23-4764-B9C6-708095892A38}.Debug|Any CPU.Build.0 = Debug|Any CPU
		{6FB3CC1A-AF23-4764-B9C6-708095892A38}.Release|Any CPU.ActiveCfg = Release|Any CPU
		{6FB3CC1A-AF23-4764-B9C6-708095892A38}.Release|Any CPU.Build.0 = Release|Any CPU
	EndGlobalSection
	GlobalSection(SolutionProperties) = preSolution
		HideSolutionNode = FALSE
	EndGlobalSection
	GlobalSection(ExtensibilityGlobals) = postSolution
		SolutionGuid = {A146C8AC-9B3D-4CE7-B0C7-1E184F6DE49C}
	EndGlobalSection
EndGlobal
